# This file is autogenerated, do not edit; changes may be undone by the next 'dep ensure'.


[[projects]]
  digest = "1:1642d82630adff3904f7965aa1aac2d7bfb8ae93a9b3da849ee38d72bb4c49e7"
  name = "github.com/Jeffail/gabs"
  packages = ["."]
  pruneopts = "UT"
  revision = "7be49c3f43696c7ca8c9a76d6836703d83aea404"
  version = "v1.1.1"

[[projects]]
  branch = "master"
  digest = "1:fdc7848c41dadb24b4ffd042ed2e002d14f0677cee01522a8c209852c6ad2e0a"
  name = "github.com/NYTimes/gziphandler"
  packages = ["."]
  pruneopts = "UT"
  revision = "253f1acb9d9f896d86c313a3dc994c0b114f0e12"

[[projects]]
  branch = "master"
  digest = "1:e26170d7ec7d444d7b74a5b1dbd6437fd8e552d27efce9327f733311737c4ae9"
  name = "github.com/SermoDigital/jose"
  packages = [
    ".",
    "crypto",
    "jws",
    "jwt",
  ]
  pruneopts = "UT"
  revision = "803625baeddc3526d01d321b5066029f53eafc81"

[[projects]]
  branch = "master"
  digest = "1:ef5b0622d834c139454148b8fd0c92bb314828900532b267ae62da9fec109866"
  name = "github.com/armon/go-metrics"
  packages = ["."]
  pruneopts = "UT"
  revision = "f0300d1749da6fa982027e449ec0c7a145510c3c"

[[projects]]
  digest = "1:c47f4964978e211c6e566596ec6246c329912ea92e9bb99c00798bb4564c5b09"
  name = "github.com/armon/go-radix"
  packages = ["."]
  pruneopts = "UT"
  revision = "1a2de0c21c94309923825da3df33a4381872c795"
  version = "v1.0.0"

[[projects]]
  digest = "1:abc66d88723edbcc2129a9655a2ff48e5377a79732f25371838c9b9e959c82e3"
  name = "github.com/aws/aws-sdk-go"
  packages = [
    "aws",
    "aws/awserr",
    "aws/awsutil",
    "aws/client",
    "aws/client/metadata",
    "aws/corehandlers",
    "aws/credentials",
    "aws/credentials/ec2rolecreds",
    "aws/credentials/endpointcreds",
    "aws/credentials/stscreds",
    "aws/csm",
    "aws/defaults",
    "aws/ec2metadata",
    "aws/endpoints",
    "aws/request",
    "aws/session",
    "aws/signer/v4",
    "awstesting",
    "internal/ini",
    "internal/sdkio",
    "internal/sdkrand",
    "internal/sdkuri",
    "internal/shareddefaults",
    "private/protocol",
    "private/protocol/query",
    "private/protocol/query/queryutil",
    "private/protocol/rest",
    "private/protocol/xml/xmlutil",
    "private/util",
    "service/sts",
  ]
  pruneopts = "UT"
  revision = "ceab7b7ac6f535d1397f124620720b5145f1ad59"
  version = "v1.15.88"

[[projects]]
  digest = "1:50e893a85575fa48dc4982a279e50e2fd8b74e4f7c587860c1e25c77083b8125"
  name = "github.com/cihub/seelog"
  packages = ["."]
  pruneopts = "UT"
  revision = "d2c6e5aa9fbfdd1c624e140287063c7730654115"
  version = "v2.6"

[[projects]]
  digest = "1:2da22745c25e0c45d13e15ac825a88b763410694302f10b0f0d7d1c19e0dcc3a"
  name = "github.com/docker/docker-credential-helpers"
  packages = ["credentials"]
  pruneopts = "UT"
  revision = "5241b46610f2491efdf9d1c85f1ddf5b02f6d962"
  version = "v0.6.1"

[[projects]]
  branch = "master"
  digest = "1:f4f6279cb37479954644babd8f8ef00584ff9fa63555d2c6718c1c3517170202"
  name = "github.com/elazarl/go-bindata-assetfs"
  packages = ["."]
  pruneopts = "UT"
  revision = "38087fe4dafb822e541b3f7955075cc1c30bd294"

[[projects]]
  digest = "1:dec1cfc7a0d3bfe719248d8a59f966d53a7a35c8444eaea314da436fe385fcc7"
  name = "github.com/go-sql-driver/mysql"
  packages = ["."]
  pruneopts = "UT"
  revision = "361f66ef3b53de1f16b7f2af9ef38a6c159ceb3e"

[[projects]]
  digest = "1:bc38c7c481812e178d85160472e231c5e1c9a7f5845d67e23ee4e706933c10d8"
  name = "github.com/golang/mock"
  packages = ["gomock"]
  pruneopts = "UT"
  revision = "c34cdb4725f4c3844d095133c6e40e448b86589b"
  version = "v1.1.1"

[[projects]]
  digest = "1:f26d410f706e6bdfb1576cacf9e4bbd3add8b55a298bf90ab20f588854bad6e0"
  name = "github.com/golang/protobuf"
  packages = [
    "proto",
    "ptypes",
    "ptypes/any",
    "ptypes/duration",
    "ptypes/timestamp",
  ]
  pruneopts = "UT"
  revision = "ddf22928ea3c56eb4292a0adbbf5001b1e8e7d0d"

[[projects]]
  branch = "master"
  digest = "1:4a0c6bb4805508a6287675fac876be2ac1182539ca8a32468d8128882e9d5009"
  name = "github.com/golang/snappy"
  packages = ["."]
  pruneopts = "UT"
  revision = "2e65f85255dbc3072edf28d6b5b8efc472979f5a"

[[projects]]
  digest = "1:0ade334594e69404d80d9d323445d2297ff8161637f9b2d347cc6973d2d6f05b"
  name = "github.com/hashicorp/errwrap"
  packages = ["."]
  pruneopts = "UT"
  revision = "8a6fb523712970c966eefc6b39ed2c5e74880354"
  version = "v1.0.0"

[[projects]]
  digest = "1:f47d6109c2034cb16bd62b220e18afd5aa9d5a1630fe5d937ad96a4fb7cbb277"
  name = "github.com/hashicorp/go-cleanhttp"
  packages = ["."]
  pruneopts = "UT"
  revision = "e8ab9daed8d1ddd2d3c4efba338fe2eeae2e4f18"
  version = "v0.5.0"

[[projects]]
  branch = "master"
  digest = "1:0876aeb6edb07e20b6b0ce1d346655cb63dbe0a26ccfb47b68a9b7697709777b"
  name = "github.com/hashicorp/go-hclog"
  packages = ["."]
  pruneopts = "UT"
  revision = "61d530d6c27f994fb6c83b80f99a69c54125ec8a"

[[projects]]
  digest = "1:2be5a35f0c5b35162c41bb24971e5dcf6ce825403296ee435429cdcc4e1e847e"
  name = "github.com/hashicorp/go-immutable-radix"
  packages = ["."]
  pruneopts = "UT"
  revision = "27df80928bb34bb1b0d6d0e01b9e679902e7a6b5"
  version = "v1.0.0"

[[projects]]
  digest = "1:3b2a3d7bff172ac470a65aa41bd780ebcf36804552e30429381888c50d8a6d20"
  name = "github.com/hashicorp/go-memdb"
  packages = ["."]
  pruneopts = "UT"
  revision = "1289e7fffe71d8fd4d4d491ba9a412c50f244c44"

[[projects]]
  digest = "1:f668349b83f7d779567c880550534addeca7ebadfdcf44b0b9c39be61864b4b7"
  name = "github.com/hashicorp/go-multierror"
  packages = ["."]
  pruneopts = "UT"
  revision = "886a7fbe3eb1c874d46f623bfa70af45f425b3d1"
  version = "v1.0.0"

[[projects]]
  digest = "1:880e48599e7f65dd85eed8092d63ebcbc73715491aec1a857adbce6d9d51d1ac"
  name = "github.com/hashicorp/go-plugin"
  packages = ["."]
  pruneopts = "UT"
  revision = "314501b665e0b2cc71bbd829783179fc38840a85"

[[projects]]
  digest = "1:183f00c472fb9b2446659618eebf4899872fa267b92f926539411abdc8b941df"
  name = "github.com/hashicorp/go-retryablehttp"
  packages = ["."]
  pruneopts = "UT"
  revision = "e651d75abec6fbd4f2c09508f72ae7af8a8b7171"

[[projects]]
  branch = "master"
  digest = "1:45aad874d3c7d5e8610427c81870fb54970b981692930ec2a319ce4cb89d7a00"
  name = "github.com/hashicorp/go-rootcerts"
  packages = ["."]
  pruneopts = "UT"
  revision = "6bb64b370b90e7ef1fa532be9e591a81c3493e00"

[[projects]]
  branch = "master"
  digest = "1:14f2005c31ddf99c4a0f36fc440f8d1ac43224194c7c4a904b3c8f4ba5654d0b"
  name = "github.com/hashicorp/go-sockaddr"
  packages = ["."]
  pruneopts = "UT"
  revision = "6d291a969b86c4b633730bfc6b8b9d64c3aafed9"

[[projects]]
  digest = "1:12ed7dcca9531e58c65cdadb8af0052724bef7fa1581380523fb9cb1215faf0d"
  name = "github.com/hashicorp/go-uuid"
  packages = ["."]
  pruneopts = "UT"
  revision = "de160f5c59f693fed329e73e291bb751fe4ea4dc"
  version = "v1.0.0"

[[projects]]
  digest = "1:77395dd3847dac9c45118c668f5dab85aedf0163dc3b38aea6578c5cf0d502f9"
  name = "github.com/hashicorp/go-version"
  packages = ["."]
  pruneopts = "UT"
  revision = "b5a281d3160aa11950a6182bd9a9dc2cb1e02d50"
  version = "v1.0.0"

[[projects]]
  digest = "1:8ec8d88c248041a6df5f6574b87bc00e7e0b493881dad2e7ef47b11dc69093b5"
  name = "github.com/hashicorp/golang-lru"
  packages = [
    ".",
    "simplelru",
  ]
  pruneopts = "UT"
  revision = "20f1fb78b0740ba8c3cb143a61e86ba5c8669768"
  version = "v0.5.0"

[[projects]]
  branch = "master"
  digest = "1:01c267930c063d047b1044d6b2bff0ad967faf37ba639a3eec16a013a16d5f3d"
  name = "github.com/hashicorp/hcl"
  packages = [
    ".",
    "hcl/ast",
    "hcl/parser",
    "hcl/scanner",
    "hcl/strconv",
    "hcl/token",
    "json/parser",
    "json/scanner",
    "json/token",
  ]
  pruneopts = "UT"
  revision = "65a6292f0157eff210d03ed1bf6c59b190b8b906"

[[projects]]
  digest = "1:3139a30acfee6c0f3fe40896723a60ffa8c61226ec6240f27325e739aa36a0dd"
  name = "github.com/hashicorp/vault"
  packages = [
    "api",
    "audit",
    "builtin/logical/database/dbplugin",
    "builtin/plugin",
    "helper/base62",
    "helper/certutil",
    "helper/compressutil",
    "helper/consts",
    "helper/dbtxn",
    "helper/errutil",
    "helper/forwarding",
    "helper/hclutil",
    "helper/identity",
    "helper/identity/mfa",
    "helper/jsonutil",
    "helper/license",
    "helper/locksutil",
    "helper/logging",
    "helper/mlock",
    "helper/namespace",
    "helper/parseutil",
    "helper/pathmanager",
    "helper/pgpkeys",
    "helper/pluginutil",
    "helper/policyutil",
    "helper/reload",
    "helper/salt",
    "helper/storagepacker",
    "helper/strutil",
    "helper/tlsutil",
    "helper/wrapping",
    "helper/xor",
    "http",
    "logical",
    "logical/framework",
    "logical/plugin",
    "logical/plugin/pb",
    "physical",
    "physical/inmem",
    "plugins",
    "plugins/database/mysql",
    "plugins/database/postgresql",
    "plugins/helper/database/connutil",
    "plugins/helper/database/credsutil",
    "plugins/helper/database/dbutil",
    "shamir",
    "vault",
    "vault/seal",
    "version",
  ]
  pruneopts = "UT"
  revision = "c19cef14891751a23eaa9b41fd456d1f99e7e856"
  version = "v1.0.0"

[[projects]]
  branch = "master"
  digest = "1:a4826c308e84f5f161b90b54a814f0be7d112b80164b9b884698a6903ea47ab3"
  name = "github.com/hashicorp/yamux"
  packages = ["."]
  pruneopts = "UT"
  revision = "2f1d1f20f75d5404f53b9edf6b53ed5505508675"

[[projects]]
  branch = "master"
  digest = "1:aa162c457e53f3d6ffebc922cb908c1ec014b67c9d8638a9fe6ed63034123c82"
  name = "github.com/jefferai/jsonx"
  packages = ["."]
  pruneopts = "UT"
  revision = "9cc31c3135eef39b8e72585f37efa92b6ca314d0"

[[projects]]
  digest = "1:e22af8c7518e1eab6f2eab2b7d7558927f816262586cd6ed9f349c97a6c285c4"
  name = "github.com/jmespath/go-jmespath"
  packages = ["."]
  pruneopts = "UT"
  revision = "0b12d6b5"

[[projects]]
  digest = "1:e08727cc2ce181e83b5b533591a556374db4be15fbf373ab1c3564474151cdad"
  name = "github.com/keybase/go-crypto"
  packages = [
    "brainpool",
    "cast5",
    "curve25519",
    "ed25519",
    "ed25519/internal/edwards25519",
    "openpgp",
    "openpgp/armor",
    "openpgp/ecdh",
    "openpgp/elgamal",
    "openpgp/errors",
    "openpgp/packet",
    "openpgp/s2k",
  ]
  pruneopts = "UT"
  revision = "0b2a91ace4489933c854bb17d3f22dabdd91b455"

[[projects]]
  digest = "1:8ef506fc2bb9ced9b151dafa592d4046063d744c646c1bbe801982ce87e4bc24"
  name = "github.com/lib/pq"
  packages = [
    ".",
    "oid",
  ]
  pruneopts = "UT"
  revision = "4ded0e9383f75c197b3a2aaa6d590ac52df6fd79"
  version = "v1.0.0"

[[projects]]
  digest = "1:09ca328575f38b80969ccf857f6d7302f2ce09d53778ea7aaba526cfd2cec739"
  name = "github.com/mitchellh/copystructure"
  packages = ["."]
  pruneopts = "UT"
  revision = "9a1b6f44e8da0e0e374624fb0a825a231b00c537"
  version = "v1.0.0"

[[projects]]
  digest = "1:78bbb1ba5b7c3f2ed0ea1eab57bdd3859aec7e177811563edc41198a760b06af"
  name = "github.com/mitchellh/go-homedir"
  packages = ["."]
  pruneopts = "UT"
  revision = "ae18d6b8b3205b561c79e8e5f69bff09736185f4"
  version = "v1.0.0"

[[projects]]
  digest = "1:42eb1f52b84a06820cedc9baec2e710bfbda3ee6dac6cdb97f8b9a5066134ec6"
  name = "github.com/mitchellh/go-testing-interface"
  packages = ["."]
  pruneopts = "UT"
  revision = "6d0b8010fcc857872e42fc6c931227569016843c"
  version = "v1.0.0"

[[projects]]
  digest = "1:53bc4cd4914cd7cd52139990d5170d6dc99067ae31c56530621b18b35fc30318"
  name = "github.com/mitchellh/mapstructure"
  packages = ["."]
  pruneopts = "UT"
  revision = "3536a929edddb9a5b34bd6861dc4a9647cb459fe"
  version = "v1.1.2"

[[projects]]
  digest = "1:bcc07ad6f62e6d8958692ff89c8ac1c64eb92de66330f98b7e9bdb72cc017a84"
  name = "github.com/mitchellh/reflectwalk"
  packages = ["."]
  pruneopts = "UT"
  revision = "eecee6c969c02c8cc2ae48e1e269843ae8590796"
  version = "v1.0.0"

[[projects]]
  branch = "master"
  digest = "1:e84645e190f18dc540ecb2e818fcd7d738a6efe3c222ce3b34e35684a82dda99"
  name = "github.com/oklog/run"
  packages = ["."]
  pruneopts = "UT"
  revision = "6934b124db28979da51d3470dadfa34d73d72652"

[[projects]]
  branch = "master"
  digest = "1:192ae5ee10b592d53a75b5513986dc4d322652d06bdb7eebcb768b842a309213"
  name = "github.com/patrickmn/go-cache"
  packages = ["."]
  pruneopts = "UT"
  revision = "5633e0862627c011927fa39556acae8b1f1df58a"

[[projects]]
  digest = "1:7413525ee648f20b4181be7fe8103d0cb98be9e141926a03ee082dc207061e4e"
  name = "github.com/phayes/freeport"
  packages = ["."]
  pruneopts = "UT"
  revision = "b8543db493a5ed890c5499e935e2cad7504f3a04"
  version = "1.0.2"

[[projects]]
  digest = "1:e39a5ee8fcbec487f8fc68863ef95f2b025e0739b0e4aa55558a2b4cf8f0ecf0"
  name = "github.com/pierrec/lz4"
  packages = [
    ".",
    "internal/xxh32",
  ]
  pruneopts = "UT"
  revision = "635575b42742856941dbc767b44905bb9ba083f6"
  version = "v2.0.7"

[[projects]]
  branch = "master"
  digest = "1:5b92d232e81c3e8eec282c92dcaa2e0e1ad3c23157be19a01b3e33f7e6e8d137"
  name = "github.com/ryanuber/go-glob"
  packages = ["."]
  pruneopts = "UT"
  revision = "256dc444b735e061061cf46c809487313d5b0065"

[[projects]]
  digest = "1:2464e24610e1cdab712d3955745c0da6d1d26c50d6a7aecf61ebe07e68d2ec4d"
  name = "golang.org/x/crypto"
  packages = [
    "curve25519",
    "ed25519",
    "ed25519/internal/edwards25519",
    "internal/chacha20",
    "internal/subtle",
    "poly1305",
    "ssh",
  ]
  pruneopts = "UT"
  revision = "0c41d7ab0a0ee717d4590a44bcb987dfd9e183eb"

[[projects]]
  branch = "master"
  digest = "1:7a2e3d6819e7a97a877f8604e737901c6941e76d56ae98a51a1ca2f13de351fb"
  name = "golang.org/x/net"
  packages = [
    "context",
    "http/httpguts",
    "http2",
    "http2/hpack",
    "idna",
    "internal/timeseries",
    "trace",
  ]
  pruneopts = "UT"
  revision = "351d144fa1fc0bd934e2408202be0c29f25e35a0"

[[projects]]
  digest = "1:0a40b0bdd57a93e741d8557465be3a2edeec408e9b6399586ad65bbe8e355796"
  name = "golang.org/x/sys"
  packages = ["unix"]
  pruneopts = "UT"
  revision = "fa43e7bc11baaae89f3f902b2b4d832b68234844"

[[projects]]
  digest = "1:a2ab62866c75542dd18d2b069fec854577a20211d7c0ea6ae746072a1dccdd18"
  name = "golang.org/x/text"
  packages = [
    "collate",
    "collate/build",
    "internal/colltab",
    "internal/gen",
    "internal/tag",
    "internal/triegen",
    "internal/ucd",
    "language",
    "secure/bidirule",
    "transform",
    "unicode/bidi",
    "unicode/cldr",
    "unicode/norm",
    "unicode/rangetable",
  ]
  pruneopts = "UT"
  revision = "f21a4dfb5e38f5895301dc265a8def02365cc3d0"
  version = "v0.3.0"

[[projects]]
  digest = "1:c9e7a4b4d47c0ed205d257648b0e5b0440880cb728506e318f8ac7cd36270bc4"
  name = "golang.org/x/time"
  packages = ["rate"]
  pruneopts = "UT"
  revision = "fbb02b2291d28baffd63558aa44b4b56f178d650"

[[projects]]
  digest = "1:c25289f43ac4a68d88b02245742347c94f1e108c534dda442188015ff80669b3"
  name = "google.golang.org/appengine"
  packages = ["cloudsql"]
  pruneopts = "UT"
  revision = "4a4468ece617fc8205e99368fa2200e9d1fad421"
  version = "v1.3.0"

[[projects]]
  branch = "master"
  digest = "1:077c1c599507b3b3e9156d17d36e1e61928ee9b53a5b420f10f28ebd4a0b275c"
  name = "google.golang.org/genproto"
  packages = ["googleapis/rpc/status"]
  pruneopts = "UT"
  revision = "bd91e49a0898e27abb88c339b432fa53d7497ac0"

[[projects]]
  digest = "1:6b155865b5e73d16adff506349d08e9e857cf48ea88a17dd1e5a6f8f8c738ba2"
  name = "google.golang.org/grpc"
  packages = [
    ".",
    "balancer",
    "balancer/base",
    "balancer/roundrobin",
    "codes",
    "connectivity",
    "credentials",
    "encoding",
    "encoding/proto",
    "grpclog",
    "health",
    "health/grpc_health_v1",
    "internal",
    "internal/backoff",
    "internal/channelz",
    "internal/envconfig",
    "internal/grpcrand",
    "internal/transport",
    "keepalive",
    "metadata",
    "naming",
    "peer",
    "resolver",
    "resolver/dns",
    "resolver/passthrough",
    "stats",
    "status",
    "tap",
  ]
  pruneopts = "UT"
  revision = "1da8e51941b9a2c8f4bc3271acc30393c29e9cc0"

[solve-meta]
  analyzer-name = "dep"
  analyzer-version = 1
  input-imports = [
    "github.com/aws/aws-sdk-go/aws/ec2metadata",
    "github.com/aws/aws-sdk-go/aws/request",
    "github.com/aws/aws-sdk-go/aws/session",
    "github.com/aws/aws-sdk-go/awstesting",
    "github.com/aws/aws-sdk-go/service/sts",
    "github.com/cihub/seelog",
    "github.com/docker/docker-credential-helpers/credentials",
    "github.com/golang/mock/gomock",
    "github.com/hashicorp/go-hclog",
    "github.com/hashicorp/go-uuid",
    "github.com/hashicorp/vault/api",
    "github.com/hashicorp/vault/helper/jsonutil",
    "github.com/hashicorp/vault/helper/logging",
    "github.com/hashicorp/vault/http",
    "github.com/hashicorp/vault/vault",
    "github.com/mitchellh/go-homedir",
    "github.com/mitchellh/mapstructure",
    "github.com/phayes/freeport",
  ]
  solver-name = "gps-cdcl"
  solver-version = 1
